// !$*UTF8*$!
{
	archiveVersion = 1;
	classes = {
	};
	objectVersion = 50;
	objects = {

/* Begin PBXBuildFile section */
		691F222225D6B24C0093CA1C /* MemorizeApp.swift in Sources */ = {isa = PBXBuildFile; fileRef = 691F220F25D6B24B0093CA1C /* MemorizeApp.swift */; };
		691F222325D6B24C0093CA1C /* MemorizeApp.swift in Sources */ = {isa = PBXBuildFile; fileRef = 691F220F25D6B24B0093CA1C /* MemorizeApp.swift */; };
		691F222425D6B24C0093CA1C /* EmojiMemoryGameView.swift in Sources */ = {isa = PBXBuildFile; fileRef = 691F221025D6B24B0093CA1C /* EmojiMemoryGameView.swift */; };
		691F222525D6B24C0093CA1C /* EmojiMemoryGameView.swift in Sources */ = {isa = PBXBuildFile; fileRef = 691F221025D6B24B0093CA1C /* EmojiMemoryGameView.swift */; };
		691F222625D6B24C0093CA1C /* Assets.xcassets in Resources */ = {isa = PBXBuildFile; fileRef = 691F221125D6B24C0093CA1C /* Assets.xcassets */; };
		691F222725D6B24C0093CA1C /* Assets.xcassets in Resources */ = {isa = PBXBuildFile; fileRef = 691F221125D6B24C0093CA1C /* Assets.xcassets */; };
		691F223525D6C12C0093CA1C /* MemoryGame.swift in Sources */ = {isa = PBXBuildFile; fileRef = 691F223425D6C12C0093CA1C /* MemoryGame.swift */; };
		691F223625D6C12C0093CA1C /* MemoryGame.swift in Sources */ = {isa = PBXBuildFile; fileRef = 691F223425D6C12C0093CA1C /* MemoryGame.swift */; };
		691F224125D6C3240093CA1C /* EmojiMemoryGame.swift in Sources */ = {isa = PBXBuildFile; fileRef = 691F224025D6C3240093CA1C /* EmojiMemoryGame.swift */; };
		691F224225D6C3240093CA1C /* EmojiMemoryGame.swift in Sources */ = {isa = PBXBuildFile; fileRef = 691F224025D6C3240093CA1C /* EmojiMemoryGame.swift */; };
		693A892525DA7A5400AF6304 /* Grid.swift in Sources */ = {isa = PBXBuildFile; fileRef = 693A892425DA7A5400AF6304 /* Grid.swift */; };
		693A892625DA7A5400AF6304 /* Grid.swift in Sources */ = {isa = PBXBuildFile; fileRef = 693A892425DA7A5400AF6304 /* Grid.swift */; };
		6961009525DA819B00027573 /* GridLayout.swift in Sources */ = {isa = PBXBuildFile; fileRef = 6961009425DA819B00027573 /* GridLayout.swift */; };
		6961009625DA819B00027573 /* GridLayout.swift in Sources */ = {isa = PBXBuildFile; fileRef = 6961009425DA819B00027573 /* GridLayout.swift */; };
		6961009A25DA86B600027573 /* Array+Identifiable.swift in Sources */ = {isa = PBXBuildFile; fileRef = 6961009925DA86B600027573 /* Array+Identifiable.swift */; };
		6961009B25DA86B600027573 /* Array+Identifiable.swift in Sources */ = {isa = PBXBuildFile; fileRef = 6961009925DA86B600027573 /* Array+Identifiable.swift */; };
		698DB98425DAAC9500348D08 /* Array+Only.swift in Sources */ = {isa = PBXBuildFile; fileRef = 698DB98325DAAC9500348D08 /* Array+Only.swift */; };
		698DB98525DAAC9500348D08 /* Array+Only.swift in Sources */ = {isa = PBXBuildFile; fileRef = 698DB98325DAAC9500348D08 /* Array+Only.swift */; };
/* End PBXBuildFile section */

/* Begin PBXFileReference section */
		691F220F25D6B24B0093CA1C /* MemorizeApp.swift */ = {isa = PBXFileReference; lastKnownFileType = sourcecode.swift; path = MemorizeApp.swift; sourceTree = "<group>"; };
		691F221025D6B24B0093CA1C /* EmojiMemoryGameView.swift */ = {isa = PBXFileReference; lastKnownFileType = sourcecode.swift; path = EmojiMemoryGameView.swift; sourceTree = "<group>"; };
		691F221125D6B24C0093CA1C /* Assets.xcassets */ = {isa = PBXFileReference; lastKnownFileType = folder.assetcatalog; path = Assets.xcassets; sourceTree = "<group>"; };
		691F221625D6B24C0093CA1C /* Memorize.app */ = {isa = PBXFileReference; explicitFileType = wrapper.application; includeInIndex = 0; path = Memorize.app; sourceTree = BUILT_PRODUCTS_DIR; };
		691F221925D6B24C0093CA1C /* Info.plist */ = {isa = PBXFileReference; lastKnownFileType = text.plist.xml; path = Info.plist; sourceTree = "<group>"; };
		691F221E25D6B24C0093CA1C /* Memorize.app */ = {isa = PBXFileReference; explicitFileType = wrapper.application; includeInIndex = 0; path = Memorize.app; sourceTree = BUILT_PRODUCTS_DIR; };
		691F222025D6B24C0093CA1C /* Info.plist */ = {isa = PBXFileReference; lastKnownFileType = text.plist.xml; path = Info.plist; sourceTree = "<group>"; };
		691F222125D6B24C0093CA1C /* macOS.entitlements */ = {isa = PBXFileReference; lastKnownFileType = text.plist.entitlements; path = macOS.entitlements; sourceTree = "<group>"; };
		691F223425D6C12C0093CA1C /* MemoryGame.swift */ = {isa = PBXFileReference; lastKnownFileType = sourcecode.swift; path = MemoryGame.swift; sourceTree = "<group>"; };
		691F224025D6C3240093CA1C /* EmojiMemoryGame.swift */ = {isa = PBXFileReference; lastKnownFileType = sourcecode.swift; path = EmojiMemoryGame.swift; sourceTree = "<group>"; };
		693A892425DA7A5400AF6304 /* Grid.swift */ = {isa = PBXFileReference; lastKnownFileType = sourcecode.swift; path = Grid.swift; sourceTree = "<group>"; };
		6961009425DA819B00027573 /* GridLayout.swift */ = {isa = PBXFileReference; fileEncoding = 4; lastKnownFileType = sourcecode.swift; path = GridLayout.swift; sourceTree = "<group>"; };
		6961009925DA86B600027573 /* Array+Identifiable.swift */ = {isa = PBXFileReference; lastKnownFileType = sourcecode.swift; path = "Array+Identifiable.swift"; sourceTree = "<group>"; };
		698DB98325DAAC9500348D08 /* Array+Only.swift */ = {isa = PBXFileReference; lastKnownFileType = sourcecode.swift; path = "Array+Only.swift"; sourceTree = "<group>"; };
/* End PBXFileReference section */

/* Begin PBXFrameworksBuildPhase section */
		691F221325D6B24C0093CA1C /* Frameworks */ = {
			isa = PBXFrameworksBuildPhase;
			buildActionMask = 2147483647;
			files = (
			);
			runOnlyForDeploymentPostprocessing = 0;
		};
		691F221B25D6B24C0093CA1C /* Frameworks */ = {
			isa = PBXFrameworksBuildPhase;
			buildActionMask = 2147483647;
			files = (
			);
			runOnlyForDeploymentPostprocessing = 0;
		};
/* End PBXFrameworksBuildPhase section */

/* Begin PBXGroup section */
		691F220925D6B24B0093CA1C = {
			isa = PBXGroup;
			children = (
				691F220E25D6B24B0093CA1C /* Shared */,
				691F221825D6B24C0093CA1C /* iOS */,
				691F221F25D6B24C0093CA1C /* macOS */,
				691F221725D6B24C0093CA1C /* Products */,
			);
			sourceTree = "<group>";
		};
		691F220E25D6B24B0093CA1C /* Shared */ = {
			isa = PBXGroup;
			children = (
				691F220F25D6B24B0093CA1C /* MemorizeApp.swift */,
				691F221025D6B24B0093CA1C /* EmojiMemoryGameView.swift */,
				691F224025D6C3240093CA1C /* EmojiMemoryGame.swift */,
				691F223425D6C12C0093CA1C /* MemoryGame.swift */,
				693A892425DA7A5400AF6304 /* Grid.swift */,
				6961009425DA819B00027573 /* GridLayout.swift */,
				6961009925DA86B600027573 /* Array+Identifiable.swift */,
				698DB98325DAAC9500348D08 /* Array+Only.swift */,
				691F221125D6B24C0093CA1C /* Assets.xcassets */,
			);
			path = Shared;
			sourceTree = "<group>";
		};
		691F221725D6B24C0093CA1C /* Products */ = {
			isa = PBXGroup;
			children = (
				691F221625D6B24C0093CA1C /* Memorize.app */,
				691F221E25D6B24C0093CA1C /* Memorize.app */,
			);
			name = Products;
			sourceTree = "<group>";
		};
		691F221825D6B24C0093CA1C /* iOS */ = {
			isa = PBXGroup;
			children = (
				691F221925D6B24C0093CA1C /* Info.plist */,
			);
			path = iOS;
			sourceTree = "<group>";
		};
		691F221F25D6B24C0093CA1C /* macOS */ = {
			isa = PBXGroup;
			children = (
				691F222025D6B24C0093CA1C /* Info.plist */,
				691F222125D6B24C0093CA1C /* macOS.entitlements */,
			);
			path = macOS;
			sourceTree = "<group>";
		};
/* End PBXGroup section */

/* Begin PBXNativeTarget section */
		691F221525D6B24C0093CA1C /* Memorize (iOS) */ = {
			isa = PBXNativeTarget;
			buildConfigurationList = 691F222A25D6B24C0093CA1C /* Build configuration list for PBXNativeTarget "Memorize (iOS)" */;
			buildPhases = (
				691F221225D6B24C0093CA1C /* Sources */,
				691F221325D6B24C0093CA1C /* Frameworks */,
				691F221425D6B24C0093CA1C /* Resources */,
			);
			buildRules = (
			);
			dependencies = (
			);
			name = "Memorize (iOS)";
			productName = "Memorize (iOS)";
			productReference = 691F221625D6B24C0093CA1C /* Memorize.app */;
			productType = "com.apple.product-type.application";
		};
		691F221D25D6B24C0093CA1C /* Memorize (macOS) */ = {
			isa = PBXNativeTarget;
			buildConfigurationList = 691F222D25D6B24C0093CA1C /* Build configuration list for PBXNativeTarget "Memorize (macOS)" */;
			buildPhases = (
				691F221A25D6B24C0093CA1C /* Sources */,
				691F221B25D6B24C0093CA1C /* Frameworks */,
				691F221C25D6B24C0093CA1C /* Resources */,
			);
			buildRules = (
			);
			dependencies = (
			);
			name = "Memorize (macOS)";
			productName = "Memorize (macOS)";
			productReference = 691F221E25D6B24C0093CA1C /* Memorize.app */;
			productType = "com.apple.product-type.application";
		};
/* End PBXNativeTarget section */

/* Begin PBXProject section */
		691F220A25D6B24B0093CA1C /* Project object */ = {
			isa = PBXProject;
			attributes = {
				LastSwiftUpdateCheck = 1230;
				LastUpgradeCheck = 1230;
				TargetAttributes = {
					691F221525D6B24C0093CA1C = {
						CreatedOnToolsVersion = 12.3;
					};
					691F221D25D6B24C0093CA1C = {
						CreatedOnToolsVersion = 12.3;
					};
				};
			};
			buildConfigurationList = 691F220D25D6B24B0093CA1C /* Build configuration list for PBXProject "Memorize" */;
			compatibilityVersion = "Xcode 9.3";
			developmentRegion = en;
			hasScannedForEncodings = 0;
			knownRegions = (
				en,
				Base,
			);
			mainGroup = 691F220925D6B24B0093CA1C;
			productRefGroup = 691F221725D6B24C0093CA1C /* Products */;
			projectDirPath = "";
			projectRoot = "";
			targets = (
				691F221525D6B24C0093CA1C /* Memorize (iOS) */,
				691F221D25D6B24C0093CA1C /* Memorize (macOS) */,
			);
		};
/* End PBXProject section */

/* Begin PBXResourcesBuildPhase section */
		691F221425D6B24C0093CA1C /* Resources */ = {
			isa = PBXResourcesBuildPhase;
			buildActionMask = 2147483647;
			files = (
				691F222625D6B24C0093CA1C /* Assets.xcassets in Resources */,
			);
			runOnlyForDeploymentPostprocessing = 0;
		};
		691F221C25D6B24C0093CA1C /* Resources */ = {
			isa = PBXResourcesBuildPhase;
			buildActionMask = 2147483647;
			files = (
				691F222725D6B24C0093CA1C /* Assets.xcassets in Resources */,
			);
			runOnlyForDeploymentPostprocessing = 0;
		};
/* End PBXResourcesBuildPhase section */

/* Begin PBXSourcesBuildPhase section */
		691F221225D6B24C0093CA1C /* Sources */ = {
			isa = PBXSourcesBuildPhase;
			buildActionMask = 2147483647;
			files = (
				691F223525D6C12C0093CA1C /* MemoryGame.swift in Sources */,
				691F222425D6B24C0093CA1C /* EmojiMemoryGameView.swift in Sources */,
				691F222225D6B24C0093CA1C /* MemorizeApp.swift in Sources */,
				6961009525DA819B00027573 /* GridLayout.swift in Sources */,
				693A892525DA7A5400AF6304 /* Grid.swift in Sources */,
				6961009A25DA86B600027573 /* Array+Identifiable.swift in Sources */,
				691F224125D6C3240093CA1C /* EmojiMemoryGame.swift in Sources */,
				698DB98425DAAC9500348D08 /* Array+Only.swift in Sources */,
			);
			runOnlyForDeploymentPostprocessing = 0;
		};
		691F221A25D6B24C0093CA1C /* Sources */ = {
			isa = PBXSourcesBuildPhase;
			buildActionMask = 2147483647;
			files = (
				691F223625D6C12C0093CA1C /* MemoryGame.swift in Sources */,
				691F222525D6B24C0093CA1C /* EmojiMemoryGameView.swift in Sources */,
				691F222325D6B24C0093CA1C /* MemorizeApp.swift in Sources */,
				6961009625DA819B00027573 /* GridLayout.swift in Sources */,
				693A892625DA7A5400AF6304 /* Grid.swift in Sources */,
				6961009B25DA86B600027573 /* Array+Identifiable.swift in Sources */,
				691F224225D6C3240093CA1C /* EmojiMemoryGame.swift in Sources */,
				698DB98525DAAC9500348D08 /* Array+Only.swift in Sources */,
			);
			runOnlyForDeploymentPostprocessing = 0;
		};
/* End PBXSourcesBuildPhase section */

/* Begin XCBuildConfiguration section */
		691F222825D6B24C0093CA1C /* Debug */ = {
			isa = XCBuildConfiguration;
			buildSettings = {
				ALWAYS_SEARCH_USER_PATHS = NO;
				CLANG_ANALYZER_NONNULL = YES;
				CLANG_ANALYZER_NUMBER_OBJECT_CONVERSION = YES_AGGRESSIVE;
				CLANG_CXX_LANGUAGE_STANDARD = "gnu++14";
				CLANG_CXX_LIBRARY = "libc++";
				CLANG_ENABLE_MODULES = YES;
				CLANG_ENABLE_OBJC_ARC = YES;
				CLANG_ENABLE_OBJC_WEAK = YES;
				CLANG_WARN_BLOCK_CAPTURE_AUTORELEASING = YES;
				CLANG_WARN_BOOL_CONVERSION = YES;
				CLANG_WARN_COMMA = YES;
				CLANG_WARN_CONSTANT_CONVERSION = YES;
				CLANG_WARN_DEPRECATED_OBJC_IMPLEMENTATIONS = YES;
				CLANG_WARN_DIRECT_OBJC_ISA_USAGE = YES_ERROR;
				CLANG_WARN_DOCUMENTATION_COMMENTS = YES;
				CLANG_WARN_EMPTY_BODY = YES;
				CLANG_WARN_ENUM_CONVERSION = YES;
				CLANG_WARN_INFINITE_RECURSION = YES;
				CLANG_WARN_INT_CONVERSION = YES;
				CLANG_WARN_NON_LITERAL_NULL_CONVERSION = YES;
				CLANG_WARN_OBJC_IMPLICIT_RETAIN_SELF = YES;
				CLANG_WARN_OBJC_LITERAL_CONVERSION = YES;
				CLANG_WARN_OBJC_ROOT_CLASS = YES_ERROR;
				CLANG_WARN_QUOTED_INCLUDE_IN_FRAMEWORK_HEADER = YES;
				CLANG_WARN_RANGE_LOOP_ANALYSIS = YES;
				CLANG_WARN_STRICT_PROTOTYPES = YES;
				CLANG_WARN_SUSPICIOUS_MOVE = YES;
				CLANG_WARN_UNGUARDED_AVAILABILITY = YES_AGGRESSIVE;
				CLANG_WARN_UNREACHABLE_CODE = YES;
				CLANG_WARN__DUPLICATE_METHOD_MATCH = YES;
				COPY_PHASE_STRIP = NO;
				DEBUG_INFORMATION_FORMAT = dwarf;
				ENABLE_STRICT_OBJC_MSGSEND = YES;
				ENABLE_TESTABILITY = YES;
				GCC_C_LANGUAGE_STANDARD = gnu11;
				GCC_DYNAMIC_NO_PIC = NO;
				GCC_NO_COMMON_BLOCKS = YES;
				GCC_OPTIMIZATION_LEVEL = 0;
				GCC_PREPROCESSOR_DEFINITIONS = (
					"DEBUG=1",
					"$(inherited)",
				);
				GCC_WARN_64_TO_32_BIT_CONVERSION = YES;
				GCC_WARN_ABOUT_RETURN_TYPE = YES_ERROR;
				GCC_WARN_UNDECLARED_SELECTOR = YES;
				GCC_WARN_UNINITIALIZED_AUTOS = YES_AGGRESSIVE;
				GCC_WARN_UNUSED_FUNCTION = YES;
				GCC_WARN_UNUSED_VARIABLE = YES;
				MTL_ENABLE_DEBUG_INFO = INCLUDE_SOURCE;
				MTL_FAST_MATH = YES;
				ONLY_ACTIVE_ARCH = YES;
				SWIFT_ACTIVE_COMPILATION_CONDITIONS = DEBUG;
				SWIFT_OPTIMIZATION_LEVEL = "-Onone";
			};
			name = Debug;
		};
		691F222925D6B24C0093CA1C /* Release */ = {
			isa = XCBuildConfiguration;
			buildSettings = {
				ALWAYS_SEARCH_USER_PATHS = NO;
				CLANG_ANALYZER_NONNULL = YES;
				CLANG_ANALYZER_NUMBER_OBJECT_CONVERSION = YES_AGGRESSIVE;
				CLANG_CXX_LANGUAGE_STANDARD = "gnu++14";
				CLANG_CXX_LIBRARY = "libc++";
				CLANG_ENABLE_MODULES = YES;
				CLANG_ENABLE_OBJC_ARC = YES;
				CLANG_ENABLE_OBJC_WEAK = YES;
				CLANG_WARN_BLOCK_CAPTURE_AUTORELEASING = YES;
				CLANG_WARN_BOOL_CONVERSION = YES;
				CLANG_WARN_COMMA = YES;
				CLANG_WARN_CONSTANT_CONVERSION = YES;
				CLANG_WARN_DEPRECATED_OBJC_IMPLEMENTATIONS = YES;
				CLANG_WARN_DIRECT_OBJC_ISA_USAGE = YES_ERROR;
				CLANG_WARN_DOCUMENTATION_COMMENTS = YES;
				CLANG_WARN_EMPTY_BODY = YES;
				CLANG_WARN_ENUM_CONVERSION = YES;
				CLANG_WARN_INFINITE_RECURSION = YES;
				CLANG_WARN_INT_CONVERSION = YES;
				CLANG_WARN_NON_LITERAL_NULL_CONVERSION = YES;
				CLANG_WARN_OBJC_IMPLICIT_RETAIN_SELF = YES;
				CLANG_WARN_OBJC_LITERAL_CONVERSION = YES;
				CLANG_WARN_OBJC_ROOT_CLASS = YES_ERROR;
				CLANG_WARN_QUOTED_INCLUDE_IN_FRAMEWORK_HEADER = YES;
				CLANG_WARN_RANGE_LOOP_ANALYSIS = YES;
				CLANG_WARN_STRICT_PROTOTYPES = YES;
				CLANG_WARN_SUSPICIOUS_MOVE = YES;
				CLANG_WARN_UNGUARDED_AVAILABILITY = YES_AGGRESSIVE;
				CLANG_WARN_UNREACHABLE_CODE = YES;
				CLANG_WARN__DUPLICATE_METHOD_MATCH = YES;
				COPY_PHASE_STRIP = NO;
				DEBUG_INFORMATION_FORMAT = "dwarf-with-dsym";
				ENABLE_NS_ASSERTIONS = NO;
				ENABLE_STRICT_OBJC_MSGSEND = YES;
				GCC_C_LANGUAGE_STANDARD = gnu11;
				GCC_NO_COMMON_BLOCKS = YES;
				GCC_WARN_64_TO_32_BIT_CONVERSION = YES;
				GCC_WARN_ABOUT_RETURN_TYPE = YES_ERROR;
				GCC_WARN_UNDECLARED_SELECTOR = YES;
				GCC_WARN_UNINITIALIZED_AUTOS = YES_AGGRESSIVE;
				GCC_WARN_UNUSED_FUNCTION = YES;
				GCC_WARN_UNUSED_VARIABLE = YES;
				MTL_ENABLE_DEBUG_INFO = NO;
				MTL_FAST_MATH = YES;
				SWIFT_COMPILATION_MODE = wholemodule;
				SWIFT_OPTIMIZATION_LEVEL = "-O";
			};
			name = Release;
		};
		691F222B25D6B24C0093CA1C /* Debug */ = {
			isa = XCBuildConfiguration;
			buildSettings = {
				ASSETCATALOG_COMPILER_APPICON_NAME = AppIcon;
				ASSETCATALOG_COMPILER_GLOBAL_ACCENT_COLOR_NAME = AccentColor;
				CODE_SIGN_STYLE = Automatic;
				DEVELOPMENT_TEAM = CHZWYBA9N7;
				ENABLE_PREVIEWS = YES;
				INFOPLIST_FILE = iOS/Info.plist;
				IPHONEOS_DEPLOYMENT_TARGET = 14.0;
				LD_RUNPATH_SEARCH_PATHS = (
					"$(inherited)",
					"@executable_path/Frameworks",
				);
				PRODUCT_BUNDLE_IDENTIFIER = Alice.Memorize;
				PRODUCT_NAME = Memorize;
				SDKROOT = iphoneos;
				SWIFT_VERSION = 5.0;
				TARGETED_DEVICE_FAMILY = "1,2";
			};
			name = Debug;
		};
		691F222C25D6B24C0093CA1C /* Release */ = {
			isa = XCBuildConfiguration;
			buildSettings = {
				ASSETCATALOG_COMPILER_APPICON_NAME = AppIcon;
				ASSETCATALOG_COMPILER_GLOBAL_ACCENT_COLOR_NAME = AccentColor;
				CODE_SIGN_STYLE = Automatic;
				DEVELOPMENT_TEAM = CHZWYBA9N7;
				ENABLE_PREVIEWS = YES;
				INFOPLIST_FILE = iOS/Info.plist;
				IPHONEOS_DEPLOYMENT_TARGET = 14.0;
				LD_RUNPATH_SEARCH_PATHS = (
					"$(inherited)",
					"@executable_path/Frameworks",
				);
				PRODUCT_BUNDLE_IDENTIFIER = Alice.Memorize;
				PRODUCT_NAME = Memorize;
				SDKROOT = iphoneos;
				SWIFT_VERSION = 5.0;
				TARGETED_DEVICE_FAMILY = "1,2";
				VALIDATE_PRODUCT = YES;
			};
			name = Release;
		};
		691F222E25D6B24C0093CA1C /* Debug */ = {
			isa = XCBuildConfiguration;
			buildSettings = {
				ASSETCATALOG_COMPILER_APPICON_NAME = AppIcon;
				ASSETCATALOG_COMPILER_GLOBAL_ACCENT_COLOR_NAME = AccentColor;
				CODE_SIGN_ENTITLEMENTS = macOS/macOS.entitlements;
				CODE_SIGN_STYLE = Automatic;
				COMBINE_HIDPI_IMAGES = YES;
				DEVELOPMENT_TEAM = CHZWYBA9N7;
				ENABLE_HARDENED_RUNTIME = YES;
				ENABLE_PREVIEWS = YES;
				INFOPLIST_FILE = macOS/Info.plist;
				LD_RUNPATH_SEARCH_PATHS = (
					"$(inherited)",
					"@executable_path/../Frameworks",
				);
				MACOSX_DEPLOYMENT_TARGET = 11.0;
				PRODUCT_BUNDLE_IDENTIFIER = Alice.Memorize;
				PRODUCT_NAME = Memorize;
				SDKROOT = macosx;
				SWIFT_VERSION = 5.0;
			};
			name = Debug;
		};
		691F222F25D6B24C0093CA1C /* Release */ = {
			isa = XCBuildConfiguration;
			buildSettings = {
				ASSETCATALOG_COMPILER_APPICON_NAME = AppIcon;
				ASSETCATALOG_COMPILER_GLOBAL_ACCENT_COLOR_NAME = AccentColor;
				CODE_SIGN_ENTITLEMENTS = macOS/macOS.entitlements;
				CODE_SIGN_STYLE = Automatic;
				COMBINE_HIDPI_IMAGES = YES;
				DEVELOPMENT_TEAM = CHZWYBA9N7;
				ENABLE_HARDENED_RUNTIME = YES;
				ENABLE_PREVIEWS = YES;
				INFOPLIST_FILE = macOS/Info.plist;
				LD_RUNPATH_SEARCH_PATHS = (
					"$(inherited)",
					"@executable_path/../Frameworks",
				);
				MACOSX_DEPLOYMENT_TARGET = 11.0;
				PRODUCT_BUNDLE_IDENTIFIER = Alice.Memorize;
				PRODUCT_NAME = Memorize;
				SDKROOT = macosx;
				SWIFT_VERSION = 5.0;
			};
			name = Release;
		};
/* End XCBuildConfiguration section */

/* Begin XCConfigurationList section */
		691F220D25D6B24B0093CA1C /* Build configuration list for PBXProject "Memorize" */ = {
			isa = XCConfigurationList;
			buildConfigurations = (
				691F222825D6B24C0093CA1C /* Debug */,
				691F222925D6B24C0093CA1C /* Release */,
			);
			defaultConfigurationIsVisible = 0;
			defaultConfigurationName = Release;
		};
		691F222A25D6B24C0093CA1C /* Build configuration list for PBXNativeTarget "Memorize (iOS)" */ = {
			isa = XCConfigurationList;
			buildConfigurations = (
				691F222B25D6B24C0093CA1C /* Debug */,
				691F222C25D6B24C0093CA1C /* Release */,
			);
			defaultConfigurationIsVisible = 0;
			defaultConfigurationName = Release;
		};
		691F222D25D6B24C0093CA1C /* Build configuration list for PBXNativeTarget "Memorize (macOS)" */ = {
			isa = XCConfigurationList;
			buildConfigurations = (
				691F222E25D6B24C0093CA1C /* Debug */,
				691F222F25D6B24C0093CA1C /* Release */,
			);
			defaultConfigurationIsVisible = 0;
			defaultConfigurationName = Release;
		};
/* End XCConfigurationList section */
	};
	rootObject = 691F220A25D6B24B0093CA1C /* Project object */;
}
